{
  "requires": true,
  "lockfileVersion": 1,
  "dependencies": {
    "@types/concat-stream": {
      "version": "1.6.0",
      "resolved": "https://registry.npmjs.org/@types/concat-stream/-/concat-stream-1.6.0.tgz",
      "integrity": "sha1-OU2+C7X+5Gs42JZzXoto7yOQ0A0=",
      "dev": true,
      "requires": {
        "@types/node": "*"
      }
    },
    "@types/node": {
      "version": "12.12.14",
      "resolved": "https://registry.npmjs.org/@types/node/-/node-12.12.14.tgz",
      "integrity": "sha512-u/SJDyXwuihpwjXy7hOOghagLEV1KdAST6syfnOk6QZAMzZuWZqXy5aYYZbh8Jdpd4escVFP0MvftHNDb9pruA==",
      "dev": true
    }
  }
}
